{"1.2.0",
[{<<"neotoma">>,{pkg,<<"neotoma">>,<<"1.7.3">>},0},
 {<<"sqlparser">>,{pkg,<<"sqlparser">>,<<"0.2.0">>},0}]}.
[
{pkg_hash,[
 {<<"neotoma">>, <<"D8BD5404B73273989946E4F4F6D529E5C2088F5FA1CA790B4DBE81F4BE408E61">>},
 {<<"sqlparser">>, <<"1EFD77DA03BF9F4DA8BF595D1179A2BC87C9A6722B783F2081E28EDFAE3564BD">>}]},
{pkg_hash_ext,[
 {<<"neotoma">>, <<"2DA322B9B1567FFA0706A7F30F6BBBDE70835AE44A1050615F4B4A3D436E0F28">>},
 {<<"sqlparser">>, <<"89F29BBF8E3DA5E3E041CC7FD18A6772AD4D24105643B5E0751005A7C64B8715">>}]}
].
